
Microsoft Visual Studio Solution File, Format Version 12.00
# Visual Studio Version 17
VisualStudioVersion = 17.2.32602.215
MinimumVisualStudioVersion = 10.0.40219.1
Project("{FAE04EC0-301F-11D3-BF4B-00C04F79EFBC}") = "Jsplugins", "Jsplugins\Jsplugins.csproj", "{BBF126FC-16D2-4274-803A-E2F6049439BF}"
EndProject
Global
	GlobalSection(SolutionConfigurationPlatforms) = preSolution
		Debug|Any CPU = Debug|Any CPU
		Release|Any CPU = Release|Any CPU
	EndGlobalSection
	GlobalSection(ProjectConfigurationPlatforms) = postSolution
		{BBF126FC-16D2-4274-803A-E2F6049439BF}.Debug|Any CPU.ActiveCfg = Debug|Any CPU
		{BBF126FC-16D2-4274-803A-E2F6049439BF}.Debug|Any CPU.Build.0 = Debug|Any CPU
		{BBF126FC-16D2-4274-803A-E2F6049439BF}.Release|Any CPU.ActiveCfg = Release|Any CPU
		{BBF126FC-16D2-4274-803A-E2F6049439BF}.Release|Any CPU.Build.0 = Release|Any CPU
	EndGlobalSection
	GlobalSection(SolutionProperties) = preSolution
		HideSolutionNode = FALSE
	EndGlobalSection
	GlobalSection(ExtensibilityGlobals) = postSolution
		SolutionGuid = {703C351E-CB95-4468-956A-6821B95DB5CD}
	EndGlobalSection
EndGlobal
